
Microsoft Visual Studio Solution File, Format Version 12.00
# Visual Studio Version 17
VisualStudioVersion = 17.5.33516.290
MinimumVisualStudioVersion = 10.0.40219.1
Project("{FAE04EC0-301F-11D3-BF4B-00C04F79EFBC}") = "ISBN-Ziffer", "ISBN-Ziffer\ISBN-Ziffer.csproj", "{9E169E79-4AD2-4FEA-B497-608F640C6768}"
EndProject
Global
	GlobalSection(SolutionConfigurationPlatforms) = preSolution
		Debug|Any CPU = Debug|Any CPU
		Release|Any CPU = Release|Any CPU
	EndGlobalSection
	GlobalSection(ProjectConfigurationPlatforms) = postSolution
		{9E169E79-4AD2-4FEA-B497-608F640C6768}.Debug|Any CPU.ActiveCfg = Debug|Any CPU
		{9E169E79-4AD2-4FEA-B497-608F640C6768}.Debug|Any CPU.Build.0 = Debug|Any CPU
		{9E169E79-4AD2-4FEA-B497-608F640C6768}.Release|Any CPU.ActiveCfg = Release|Any CPU
		{9E169E79-4AD2-4FEA-B497-608F640C6768}.Release|Any CPU.Build.0 = Release|Any CPU
	EndGlobalSection
	GlobalSection(SolutionProperties) = preSolution
		HideSolutionNode = FALSE
	EndGlobalSection
	GlobalSection(ExtensibilityGlobals) = postSolution
		SolutionGuid = {87C2C9C7-1C92-4A2F-AB86-6F5EDFE9A9F1}
	EndGlobalSection
EndGlobal
